{
  "version": "5",
  "specifiers": {
    "jsr:@minify-html/deno@~0.18.1": "0.18.1",
    "jsr:@std/assert@^1.0.19": "1.0.19",
    "jsr:@std/cli@^1.0.30": "1.0.30",
    "jsr:@std/encoding@^1.0.10": "1.0.10",
    "jsr:@std/fmt@^1.0.10": "1.0.10",
    "jsr:@std/fs@^1.0.24": "1.0.24",
    "jsr:@std/html@^1.0.7": "1.0.7",
    "jsr:@std/http@^1.1.1": "1.1.1",
    "jsr:@std/internal@^1.0.12": "1.0.14",
    "jsr:@std/internal@^1.0.14": "1.0.14",
    "jsr:@std/media-types@^1.1.0": "1.1.0",
    "jsr:@std/net@^1.0.6": "1.0.6",
    "jsr:@std/path@^1.1.5": "1.1.5",
    "jsr:@std/random@~0.1.5": "0.1.5",
    "jsr:@std/streams@^1.1.1": "1.1.1",
    "npm:svgo@^4.0.1": "4.0.1"
  },
  "jsr": {
    "@minify-html/deno@0.18.1": {
      "integrity": "1af76557adea9ee1e28759f653ec5a35e9c006e2abe73b65e4944aa821711ed1"
    },
    "@std/assert@1.0.19": {
      "integrity": "eaada96ee120cb980bc47e040f82814d786fe8162ecc53c91d8df60b8755991e",
      "dependencies": [
        "jsr:@std/internal@^1.0.12"
      ]
    },
    "@std/cli@1.0.30": {
      "integrity": "769446536522d0417d7127ebcabcafac1ab0ce6766d0eb3fca1d36326fe98d13"
    },
    "@std/encoding@1.0.10": {
      "integrity": "8783c6384a2d13abd5e9e87a7ae0520a30e9f56aeeaa3bdf910a3eaaf5c811a1"
    },
    "@std/fmt@1.0.10": {
      "integrity": "90dfba288802ac6de82fb31d0917eb9e4450b9925b954d5e51fc29ac07419db5"
    },
    "@std/fs@1.0.24": {
      "integrity": "f3061b45b81673a2bece689da041df32d174be064c89eb6397fb5718d3fb7877"
    },
    "@std/html@1.0.7": {
      "integrity": "175c818905a6e75743c69c251395e273d82698e58cfe7dd76268d70e28b8d8fe"
    },
    "@std/http@1.1.1": {
      "integrity": "e343a9a80aea07c716b91be5c79df764144430ad2dd7c9121ed7443f08dc74f7",
      "dependencies": [
        "jsr:@std/cli",
        "jsr:@std/encoding",
        "jsr:@std/fmt",
        "jsr:@std/fs",
        "jsr:@std/html",
        "jsr:@std/media-types",
        "jsr:@std/net",
        "jsr:@std/path",
        "jsr:@std/streams"
      ]
    },
    "@std/internal@1.0.14": {
      "integrity": "291516b3d4c35024d6ffbc0a9df5bf4c64116e05b50012cf846710152d2ffdf7"
    },
    "@std/media-types@1.1.0": {
      "integrity": "c9d093f0c05c3512932b330e3cc1fe1d627b301db33a4c2c2185c02471d6eaa4"
    },
    "@std/net@1.0.6": {
      "integrity": "110735f93e95bb9feb95790a8b1d1bf69ec0dc74f3f97a00a76ea5efea25500c"
    },
    "@std/path@1.1.5": {
      "integrity": "ccea00982ea28c36becaf6e62f855406c76a8c32d462f66f415bbb7d83a271bc",
      "dependencies": [
        "jsr:@std/internal@^1.0.14"
      ]
    },
    "@std/random@0.1.5": {
      "integrity": "d26614c4f6c441afc22397a1c5b8f27d02ab8f5572f1d29e7b0cd57f3d548235"
    },
    "@std/streams@1.1.1": {
      "integrity": "92556d350e537e9dce527a6d08f6f15be3ff65e656079dea69d15252187c7613"
    }
  },
  "npm": {
    "boolbase@1.0.0": {
      "integrity": "sha512-JZOSA7Mo9sNGB8+UjSgzdLtokWAky1zbztM3WRLCbZ70/3cTANmQmOdR7y2g+J0e2WXywy1yS468tY+IruqEww=="
    },
    "commander@11.1.0": {
      "integrity": "sha512-yPVavfyCcRhmorC7rWlkHn15b4wDVgVmBA7kV4QVBsF7kv/9TKJAbAXVTxvTnwP8HHKjRCJDClKbciiYS7p0DQ=="
    },
    "css-select@5.2.2": {
      "integrity": "sha512-TizTzUddG/xYLA3NXodFM0fSbNizXjOKhqiQQwvhlspadZokn1KDy0NZFS0wuEubIYAV5/c1/lAr0TaaFXEXzw==",
      "dependencies": [
        "boolbase",
        "css-what",
        "domhandler",
        "domutils",
        "nth-check"
      ]
    },
    "css-tree@2.2.1": {
      "integrity": "sha512-OA0mILzGc1kCOCSJerOeqDxDQ4HOh+G8NbOJFOTgOCzpw7fCBubk0fEyxp8AgOL/jvLgYA/uV0cMbe43ElF1JA==",
      "dependencies": [
        "mdn-data@2.0.28",
        "source-map-js"
      ]
    },
    "css-tree@3.2.1": {
      "integrity": "sha512-X7sjQzceUhu1u7Y/ylrRZFU2FS6LRiFVp6rKLPg23y3x3c3DOKAwuXGDp+PAGjh6CSnCjYeAul8pcT8bAl+lSA==",
      "dependencies": [
        "mdn-data@2.27.1",
        "source-map-js"
      ]
    },
    "css-what@6.2.2": {
      "integrity": "sha512-u/O3vwbptzhMs3L1fQE82ZSLHQQfto5gyZzwteVIEyeaY5Fc7R4dapF/BvRoSYFeqfBk4m0V1Vafq5Pjv25wvA=="
    },
    "csso@5.0.5": {
      "integrity": "sha512-0LrrStPOdJj+SPCCrGhzryycLjwcgUSHBtxNA8aIDxf0GLsRh1cKYhB00Gd1lDOS4yGH69+SNn13+TWbVHETFQ==",
      "dependencies": [
        "css-tree@2.2.1"
      ]
    },
    "dom-serializer@2.0.0": {
      "integrity": "sha512-wIkAryiqt/nV5EQKqQpo3SToSOV9J0DnbJqwK7Wv/Trc92zIAYZ4FlMu+JPFW1DfGFt81ZTCGgDEabffXeLyJg==",
      "dependencies": [
        "domelementtype",
        "domhandler",
        "entities"
      ]
    },
    "domelementtype@2.3.0": {
      "integrity": "sha512-OLETBj6w0OsagBwdXnPdN0cnMfF9opN69co+7ZrbfPGrdpPVNBUj02spi6B1N7wChLQiPn4CSH/zJvXw56gmHw=="
    },
    "domhandler@5.0.3": {
      "integrity": "sha512-cgwlv/1iFQiFnU96XXgROh8xTeetsnJiDsTc7TYCLFd9+/WNkIqPTxiM/8pSd8VIrhXGTf1Ny1q1hquVqDJB5w==",
      "dependencies": [
        "domelementtype"
      ]
    },
    "domutils@3.2.2": {
      "integrity": "sha512-6kZKyUajlDuqlHKVX1w7gyslj9MPIXzIFiz/rGu35uC1wMi+kMhQwGhl4lt9unC9Vb9INnY9Z3/ZA3+FhASLaw==",
      "dependencies": [
        "dom-serializer",
        "domelementtype",
        "domhandler"
      ]
    },
    "entities@4.5.0": {
      "integrity": "sha512-V0hjH4dGPh9Ao5p0MoRY6BVqtwCjhz6vI5LT8AJ55H+4g9/4vbHx1I54fS0XuclLhDHArPQCiMjDxjaL8fPxhw=="
    },
    "mdn-data@2.0.28": {
      "integrity": "sha512-aylIc7Z9y4yzHYAJNuESG3hfhC+0Ibp/MAMiaOZgNv4pmEdFyfZhhhny4MNiAfWdBQ1RQ2mfDWmM1x8SvGyp8g=="
    },
    "mdn-data@2.27.1": {
      "integrity": "sha512-9Yubnt3e8A0OKwxYSXyhLymGW4sCufcLG6VdiDdUGVkPhpqLxlvP5vl1983gQjJl3tqbrM731mjaZaP68AgosQ=="
    },
    "nth-check@2.1.1": {
      "integrity": "sha512-lqjrjmaOoAnWfMmBPL+XNnynZh2+swxiX3WUE0s4yEHI6m+AwrK2UZOimIRl3X/4QctVqS8AiZjFqyOGrMXb/w==",
      "dependencies": [
        "boolbase"
      ]
    },
    "picocolors@1.1.1": {
      "integrity": "sha512-xceH2snhtb5M9liqDsmEw56le376mTZkEX/jEb/RxNFyegNul7eNslCXP9FDj/Lcu0X8KEyMceP2ntpaHrDEVA=="
    },
    "sax@1.6.0": {
      "integrity": "sha512-6R3J5M4AcbtLUdZmRv2SygeVaM7IhrLXu9BmnOGmmACak8fiUtOsYNWUS4uK7upbmHIBbLBeFeI//477BKLBzA=="
    },
    "source-map-js@1.2.1": {
      "integrity": "sha512-UXWMKhLOwVKb728IUtQPXxfYU+usdybtUrK/8uGE8CQMvrhOpwvzDBwj0QhSL7MQc7vIsISBG8VQ8+IDQxpfQA=="
    },
    "svgo@4.0.1": {
      "integrity": "sha512-XDpWUOPC6FEibaLzjfe0ucaV0YrOjYotGJO1WpF0Zd+n6ZGEQUsSugaoLq9QkEZtAfQIxT42UChcssDVPP3+/w==",
      "dependencies": [
        "commander",
        "css-select",
        "css-tree@3.2.1",
        "css-what",
        "csso",
        "picocolors",
        "sax"
      ],
      "bin": true
    }
  },
  "remote": {
    "https://cdn.jsdelivr.net/gh/ventojs/vento@2.2.0/core/environment.ts": "140076e560d4d6e3ab8ecfee28fd10909d9c0f680138129a908a61076b52f768",
    "https://cdn.jsdelivr.net/gh/ventojs/vento@2.2.0/core/errors.ts": "8606b682b465d598a394feea135dd2f84033b5ef2a61a23d116ccb782a0a547a",
    "https://cdn.jsdelivr.net/gh/ventojs/vento@2.2.0/core/js.ts": "83084240150d7e8b83e43ec8fcf78564a8ba8599c3d517976efbb11b208903b2",
    "https://cdn.jsdelivr.net/gh/ventojs/vento@2.2.0/core/reserved.ts": "e3ccafb4e5524b9c51fa14fa0e4bf17fd9bdd791848f17afa2aeb97835c486d1",
    "https://cdn.jsdelivr.net/gh/ventojs/vento@2.2.0/core/tokenizer.ts": "460faa3de0e561e5046c46528c8bcbfc46b9de576af7ec8c4a8954a61a80ec76",
    "https://cdn.jsdelivr.net/gh/ventojs/vento@2.2.0/loaders/file.ts": "83f579ac39838642bb45c6ddf48c05c08134cdd95fa7364d004fb443e972196a",
    "https://cdn.jsdelivr.net/gh/ventojs/vento@2.2.0/mod.ts": "26081287509a87d81c51917795ff94ea80056c43599af8140bb5f666f0aaa767",
    "https://cdn.jsdelivr.net/gh/ventojs/vento@2.2.0/plugins/echo.ts": "26109b7d47d33621dd764136be665052a48b3e68aeda2bd961504702f14c829f",
    "https://cdn.jsdelivr.net/gh/ventojs/vento@2.2.0/plugins/escape.ts": "1db6eb7b22f88bbf94d21636c9b156ec4868e10bbcfa7dc5eae7113c36ef7b8a",
    "https://cdn.jsdelivr.net/gh/ventojs/vento@2.2.0/plugins/export.ts": "c1f25c8e1e35027cc21e780f8fb3961febec4771463eb262959fbf035b8b8a63",
    "https://cdn.jsdelivr.net/gh/ventojs/vento@2.2.0/plugins/for.ts": "a893a3de2c5cab43d5018cb80718ea46377c172d550e7a8ead076f00c58d59bf",
    "https://cdn.jsdelivr.net/gh/ventojs/vento@2.2.0/plugins/function.ts": "472bdbe0bffb7d38c59003b02510cf85a78a35927219bc6a02ac2d4fde8b6597",
    "https://cdn.jsdelivr.net/gh/ventojs/vento@2.2.0/plugins/if.ts": "db13776a5b9e7988f65c27943c344bec7463c5f3162a06cc4da1a313d7109195",
    "https://cdn.jsdelivr.net/gh/ventojs/vento@2.2.0/plugins/import.ts": "b6fb6cc922c0897d15918d10766bbbd51069336780acdc8bbf23922ed870a1b3",
    "https://cdn.jsdelivr.net/gh/ventojs/vento@2.2.0/plugins/include.ts": "0f473f75064be27d3c53329f2769bf0cc8bd520f04432ef94d99ebeae2e51ad1",
    "https://cdn.jsdelivr.net/gh/ventojs/vento@2.2.0/plugins/js.ts": "f5a7fd8cc48cb1b1dc0b396e3d1fee4664cf28932dc5f5f301e38243e0e987dc",
    "https://cdn.jsdelivr.net/gh/ventojs/vento@2.2.0/plugins/layout.ts": "09e4b29614c66847b4d9fac4f5eb3edae9159a9a85e2d22058b722ac84f367ea",
    "https://cdn.jsdelivr.net/gh/ventojs/vento@2.2.0/plugins/mod.ts": "017d5bb3e3c80b7f67271cdf8779686f55916070c5d168a143e6a37c35bcd731",
    "https://cdn.jsdelivr.net/gh/ventojs/vento@2.2.0/plugins/set.ts": "cbe42b771a04203b6fc1c178e655fa2536ab90ae67e52c083cf7c71f37c62711",
    "https://cdn.jsdelivr.net/gh/ventojs/vento@2.2.0/plugins/trim.ts": "8d33271327b09ffd8f569ebde85125b1324fa9538a54d6072ac97a9fb5d24264",
    "https://cdn.jsdelivr.net/gh/ventojs/vento@2.2.0/plugins/unescape.ts": "1c56f0310c7757880df7684fc6b7bf9efd27fdb6b929b89626802f5a99cb93ee"
  },
  "workspace": {
    "dependencies": [
      "jsr:@minify-html/deno@~0.18.1",
      "jsr:@std/assert@^1.0.19",
      "jsr:@std/encoding@^1.0.10",
      "jsr:@std/fmt@^1.0.10",
      "jsr:@std/http@^1.1.1",
      "jsr:@std/path@^1.1.5",
      "jsr:@std/random@~0.1.5",
      "npm:svgo@^4.0.1"
    ]
  }
}
